
Microsoft Visual Studio Solution File, Format Version 12.00
# Visual Studio 15
VisualStudioVersion = 15.0.27428.2015
MinimumVisualStudioVersion = 10.0.40219.1
Project("{FAE04EC0-301F-11D3-BF4B-00C04F79EFBC}") = "Avensia.Storefront.Developertest", "Avensia.Storefront.Developertest\Avensia.Storefront.Developertest.csproj", "{5F6C2416-9EC6-4501-8D3F-0C973259C804}"
EndProject
Global
	GlobalSection(SolutionConfigurationPlatforms) = preSolution
		Debug|Any CPU = Debug|Any CPU
		Release|Any CPU = Release|Any CPU
	EndGlobalSection
	GlobalSection(ProjectConfigurationPlatforms) = postSolution
		{5F6C2416-9EC6-4501-8D3F-0C973259C804}.Debug|Any CPU.ActiveCfg = Debug|Any CPU
		{5F6C2416-9EC6-4501-8D3F-0C973259C804}.Debug|Any CPU.Build.0 = Debug|Any CPU
		{5F6C2416-9EC6-4501-8D3F-0C973259C804}.Release|Any CPU.ActiveCfg = Release|Any CPU
		{5F6C2416-9EC6-4501-8D3F-0C973259C804}.Release|Any CPU.Build.0 = Release|Any CPU
	EndGlobalSection
	GlobalSection(SolutionProperties) = preSolution
		HideSolutionNode = FALSE
	EndGlobalSection
	GlobalSection(ExtensibilityGlobals) = postSolution
		SolutionGuid = {DE87E0A6-5E4A-47C3-AC10-4F4C13BE5332}
	EndGlobalSection
EndGlobal
